
Microsoft Visual Studio Solution File, Format Version 12.00
# Visual Studio Version 17
VisualStudioVersion = 17.13.35825.156
MinimumVisualStudioVersion = 10.0.40219.1
Project("{FAE04EC0-301F-11D3-BF4B-00C04F79EFBC}") = "ecommerce_shop", "ecommerce_shop\ecommerce_shop.csproj", "{B7C05D09-F9E9-4183-8E19-F9F17D37013D}"
EndProject
Project("{FAE04EC0-301F-11D3-BF4B-00C04F79EFBC}") = "EShop.Application", "EShop.Application\EShop.Application.csproj", "{410F6163-AFD9-4F19-8062-DEEB489F94FE}"
EndProject
Project("{FAE04EC0-301F-11D3-BF4B-00C04F79EFBC}") = "EShop.Application.Tests", "EShop.Application.Tests\EShop.Application.Tests.csproj", "{D13A4185-1298-49D3-B0F4-A18DD526BE2A}"
EndProject
Project("{FAE04EC0-301F-11D3-BF4B-00C04F79EFBC}") = "EShop.Domain", "EShop.Domain\EShop.Domain.csproj", "{83AC192D-10ED-4453-B101-4AD56BD5CC34}"
EndProject
Project("{FAE04EC0-301F-11D3-BF4B-00C04F79EFBC}") = "EShop.Domain.Tests", "EShop.Domain.Tests\EShop.Domain.Tests.csproj", "{776C75C3-2178-4772-B764-BD321AE4882A}"
EndProject
Global
	GlobalSection(SolutionConfigurationPlatforms) = preSolution
		Debug|Any CPU = Debug|Any CPU
		Release|Any CPU = Release|Any CPU
	EndGlobalSection
	GlobalSection(ProjectConfigurationPlatforms) = postSolution
		{B7C05D09-F9E9-4183-8E19-F9F17D37013D}.Debug|Any CPU.ActiveCfg = Debug|Any CPU
		{B7C05D09-F9E9-4183-8E19-F9F17D37013D}.Debug|Any CPU.Build.0 = Debug|Any CPU
		{B7C05D09-F9E9-4183-8E19-F9F17D37013D}.Release|Any CPU.ActiveCfg = Release|Any CPU
		{B7C05D09-F9E9-4183-8E19-F9F17D37013D}.Release|Any CPU.Build.0 = Release|Any CPU
		{410F6163-AFD9-4F19-8062-DEEB489F94FE}.Debug|Any CPU.ActiveCfg = Debug|Any CPU
		{410F6163-AFD9-4F19-8062-DEEB489F94FE}.Debug|Any CPU.Build.0 = Debug|Any CPU
		{410F6163-AFD9-4F19-8062-DEEB489F94FE}.Release|Any CPU.ActiveCfg = Release|Any CPU
		{410F6163-AFD9-4F19-8062-DEEB489F94FE}.Release|Any CPU.Build.0 = Release|Any CPU
		{D13A4185-1298-49D3-B0F4-A18DD526BE2A}.Debug|Any CPU.ActiveCfg = Debug|Any CPU
		{D13A4185-1298-49D3-B0F4-A18DD526BE2A}.Debug|Any CPU.Build.0 = Debug|Any CPU
		{D13A4185-1298-49D3-B0F4-A18DD526BE2A}.Release|Any CPU.ActiveCfg = Release|Any CPU
		{D13A4185-1298-49D3-B0F4-A18DD526BE2A}.Release|Any CPU.Build.0 = Release|Any CPU
		{83AC192D-10ED-4453-B101-4AD56BD5CC34}.Debug|Any CPU.ActiveCfg = Debug|Any CPU
		{83AC192D-10ED-4453-B101-4AD56BD5CC34}.Debug|Any CPU.Build.0 = Debug|Any CPU
		{83AC192D-10ED-4453-B101-4AD56BD5CC34}.Release|Any CPU.ActiveCfg = Release|Any CPU
		{83AC192D-10ED-4453-B101-4AD56BD5CC34}.Release|Any CPU.Build.0 = Release|Any CPU
		{776C75C3-2178-4772-B764-BD321AE4882A}.Debug|Any CPU.ActiveCfg = Debug|Any CPU
		{776C75C3-2178-4772-B764-BD321AE4882A}.Debug|Any CPU.Build.0 = Debug|Any CPU
		{776C75C3-2178-4772-B764-BD321AE4882A}.Release|Any CPU.ActiveCfg = Release|Any CPU
		{776C75C3-2178-4772-B764-BD321AE4882A}.Release|Any CPU.Build.0 = Release|Any CPU
	EndGlobalSection
	GlobalSection(SolutionProperties) = preSolution
		HideSolutionNode = FALSE
	EndGlobalSection
	GlobalSection(ExtensibilityGlobals) = postSolution
		SolutionGuid = {10796A22-8101-48F5-B942-03A1A5C62048}
	EndGlobalSection
EndGlobal
